schema: '2.0'
stages:
  load_data:
    cmd: python src/load_data.py --config=params.yaml
    deps:
    - path: data_given/winequalityN.csv
      md5: 27079204470ccca16a086043a7b1fba2
      size: 390375
    - path: src/get_data.py
      md5: 3269de280ab92427aa2d4d20baba5937
      size: 941
    - path: src/load_data.py
      md5: 6e440fd434ff4caf36ec4c73faebf6d5
      size: 874
    outs:
    - path: data/raw/winequalityN.csv
      md5: c357105a196b255f2b7bfa61492f38d7
      size: 421187
  split_data:
    cmd: python src/split_data.py --config=params.yaml
    deps:
    - path: data/raw/winequalityN.csv
      md5: c357105a196b255f2b7bfa61492f38d7
      size: 421187
    - path: src/split_data.py
      md5: e7c962d591ced08adfa96a2029d99c32
      size: 1103
    outs:
    - path: data/processed/test_winequalityN.csv
      md5: a5c4b981b8391ec21cfac71c3c9fe5a2
      size: 84380
    - path: data/processed/train_winequalityN.csv
      md5: 921e68204dc923fbc72fc4a91495f977
      size: 336958
